
Microsoft Visual Studio Solution File, Format Version 12.00
# Visual Studio Version 16
VisualStudioVersion = 16.0.29509.3
MinimumVisualStudioVersion = 10.0.40219.1
Project("{FAE04EC0-301F-11D3-BF4B-00C04F79EFBC}") = "Store", "Store\Store.csproj", "{A7D830B8-5C98-4F45-916B-C4BE4E240380}"
EndProject
Global
	GlobalSection(SolutionConfigurationPlatforms) = preSolution
		Debug|Any CPU = Debug|Any CPU
		Release|Any CPU = Release|Any CPU
	EndGlobalSection
	GlobalSection(ProjectConfigurationPlatforms) = postSolution
		{A7D830B8-5C98-4F45-916B-C4BE4E240380}.Debug|Any CPU.ActiveCfg = Debug|Any CPU
		{A7D830B8-5C98-4F45-916B-C4BE4E240380}.Debug|Any CPU.Build.0 = Debug|Any CPU
		{A7D830B8-5C98-4F45-916B-C4BE4E240380}.Release|Any CPU.ActiveCfg = Release|Any CPU
		{A7D830B8-5C98-4F45-916B-C4BE4E240380}.Release|Any CPU.Build.0 = Release|Any CPU
	EndGlobalSection
	GlobalSection(SolutionProperties) = preSolution
		HideSolutionNode = FALSE
	EndGlobalSection
	GlobalSection(ExtensibilityGlobals) = postSolution
		SolutionGuid = {14D9B99F-1A2A-4D27-ABCB-EAB2FE726405}
	EndGlobalSection
EndGlobal
